// !$*UTF8*$!
{
	archiveVersion = 1;
	classes = {
	};
	objectVersion = 50;
	objects = {

/* Begin PBXBuildFile section */
		73329A6A2174581300C90E50 /* GoogleService-Info.plist in Resources */ = {isa = PBXBuildFile; fileRef = 73329A692174581300C90E50 /* GoogleService-Info.plist */; };
		739EBA5C21744C770001D7D2 /* AppDelegate.swift in Sources */ = {isa = PBXBuildFile; fileRef = 739EBA5B21744C770001D7D2 /* AppDelegate.swift */; };
		739EBA5E21744C770001D7D2 /* ViewController.swift in Sources */ = {isa = PBXBuildFile; fileRef = 739EBA5D21744C770001D7D2 /* ViewController.swift */; };
		739EBA6121744C770001D7D2 /* Main.storyboard in Resources */ = {isa = PBXBuildFile; fileRef = 739EBA5F21744C770001D7D2 /* Main.storyboard */; };
		739EBA6321744C790001D7D2 /* Assets.xcassets in Resources */ = {isa = PBXBuildFile; fileRef = 739EBA6221744C790001D7D2 /* Assets.xcassets */; };
		739EBA6621744C790001D7D2 /* LaunchScreen.storyboard in Resources */ = {isa = PBXBuildFile; fileRef = 739EBA6421744C790001D7D2 /* LaunchScreen.storyboard */; };
		D5DE39C25000AADE9B994E9D /* Pods_Firebase_Example.framework in Frameworks */ = {isa = PBXBuildFile; fileRef = B98856EEB84D6766C5BE3AB8 /* Pods_Firebase_Example.framework */; };
/* End PBXBuildFile section */

/* Begin PBXFileReference section */
		581DDA5459E884E4ACFB1F58 /* Pods-Firebase-Example.release.xcconfig */ = {isa = PBXFileReference; includeInIndex = 1; lastKnownFileType = text.xcconfig; name = "Pods-Firebase-Example.release.xcconfig"; path = "Pods/Target Support Files/Pods-Firebase-Example/Pods-Firebase-Example.release.xcconfig"; sourceTree = "<group>"; };
		6E43278E94D91D0147ADE798 /* Pods-Firebase-Example.debug.xcconfig */ = {isa = PBXFileReference; includeInIndex = 1; lastKnownFileType = text.xcconfig; name = "Pods-Firebase-Example.debug.xcconfig"; path = "Pods/Target Support Files/Pods-Firebase-Example/Pods-Firebase-Example.debug.xcconfig"; sourceTree = "<group>"; };
		73329A692174581300C90E50 /* GoogleService-Info.plist */ = {isa = PBXFileReference; fileEncoding = 4; lastKnownFileType = text.plist.xml; path = "GoogleService-Info.plist"; sourceTree = "<group>"; };
		739EBA5821744C770001D7D2 /* Firebase-Example.app */ = {isa = PBXFileReference; explicitFileType = wrapper.application; includeInIndex = 0; path = "Firebase-Example.app"; sourceTree = BUILT_PRODUCTS_DIR; };
		739EBA5B21744C770001D7D2 /* AppDelegate.swift */ = {isa = PBXFileReference; lastKnownFileType = sourcecode.swift; path = AppDelegate.swift; sourceTree = "<group>"; };
		739EBA5D21744C770001D7D2 /* ViewController.swift */ = {isa = PBXFileReference; lastKnownFileType = sourcecode.swift; path = ViewController.swift; sourceTree = "<group>"; };
		739EBA6021744C770001D7D2 /* Base */ = {isa = PBXFileReference; lastKnownFileType = file.storyboard; name = Base; path = Base.lproj/Main.storyboard; sourceTree = "<group>"; };
		739EBA6221744C790001D7D2 /* Assets.xcassets */ = {isa = PBXFileReference; lastKnownFileType = folder.assetcatalog; path = Assets.xcassets; sourceTree = "<group>"; };
		739EBA6521744C790001D7D2 /* Base */ = {isa = PBXFileReference; lastKnownFileType = file.storyboard; name = Base; path = Base.lproj/LaunchScreen.storyboard; sourceTree = "<group>"; };
		739EBA6721744C790001D7D2 /* Info.plist */ = {isa = PBXFileReference; lastKnownFileType = text.plist.xml; path = Info.plist; sourceTree = "<group>"; };
		B98856EEB84D6766C5BE3AB8 /* Pods_Firebase_Example.framework */ = {isa = PBXFileReference; explicitFileType = wrapper.framework; includeInIndex = 0; path = Pods_Firebase_Example.framework; sourceTree = BUILT_PRODUCTS_DIR; };
/* End PBXFileReference section */

/* Begin PBXFrameworksBuildPhase section */
		739EBA5521744C770001D7D2 /* Frameworks */ = {
			isa = PBXFrameworksBuildPhase;
			buildActionMask = 2147483647;
			files = (
				D5DE39C25000AADE9B994E9D /* Pods_Firebase_Example.framework in Frameworks */,
			);
			runOnlyForDeploymentPostprocessing = 0;
		};
/* End PBXFrameworksBuildPhase section */

/* Begin PBXGroup section */
		3C96FD43B165227954805CAC /* Pods */ = {
			isa = PBXGroup;
			children = (
				6E43278E94D91D0147ADE798 /* Pods-Firebase-Example.debug.xcconfig */,
				581DDA5459E884E4ACFB1F58 /* Pods-Firebase-Example.release.xcconfig */,
			);
			name = Pods;
			sourceTree = "<group>";
		};
		73329A6B21745A8200C90E50 /* Models */ = {
			isa = PBXGroup;
			children = (
			);
			path = Models;
			sourceTree = "<group>";
		};
		73329A6C21745A8900C90E50 /* Extensions */ = {
			isa = PBXGroup;
			children = (
			);
			path = Extensions;
			sourceTree = "<group>";
		};
		73329A6D21745AB500C90E50 /* Utilities */ = {
			isa = PBXGroup;
			children = (
			);
			path = Utilities;
			sourceTree = "<group>";
		};
		739EBA4F21744C770001D7D2 = {
			isa = PBXGroup;
			children = (
				739EBA5A21744C770001D7D2 /* Firebase-Example */,
				739EBA5921744C770001D7D2 /* Products */,
				3C96FD43B165227954805CAC /* Pods */,
				885347774980BA648BBAFCCF /* Frameworks */,
			);
			sourceTree = "<group>";
		};
		739EBA5921744C770001D7D2 /* Products */ = {
			isa = PBXGroup;
			children = (
				739EBA5821744C770001D7D2 /* Firebase-Example.app */,
			);
			name = Products;
			sourceTree = "<group>";
		};
		739EBA5A21744C770001D7D2 /* Firebase-Example */ = {
			isa = PBXGroup;
			children = (
				739EBA5B21744C770001D7D2 /* AppDelegate.swift */,
				73329A692174581300C90E50 /* GoogleService-Info.plist */,
				739EBA6721744C790001D7D2 /* Info.plist */,
				739EBA6D21744C970001D7D2 /* Controllers */,
				739EBA6E21744CA70001D7D2 /* Views */,
				73329A6B21745A8200C90E50 /* Models */,
				73329A6C21745A8900C90E50 /* Extensions */,
				73329A6D21745AB500C90E50 /* Utilities */,
				739EBA6F21744CC30001D7D2 /* Resources */,
			);
			path = "Firebase-Example";
			sourceTree = "<group>";
		};
		739EBA6D21744C970001D7D2 /* Controllers */ = {
			isa = PBXGroup;
			children = (
				739EBA5D21744C770001D7D2 /* ViewController.swift */,
			);
			path = Controllers;
			sourceTree = "<group>";
		};
		739EBA6E21744CA70001D7D2 /* Views */ = {
			isa = PBXGroup;
			children = (
				739EBA6421744C790001D7D2 /* LaunchScreen.storyboard */,
				739EBA5F21744C770001D7D2 /* Main.storyboard */,
			);
			path = Views;
			sourceTree = "<group>";
		};
		739EBA6F21744CC30001D7D2 /* Resources */ = {
			isa = PBXGroup;
			children = (
				739EBA6221744C790001D7D2 /* Assets.xcassets */,
			);
			path = Resources;
			sourceTree = "<group>";
		};
		885347774980BA648BBAFCCF /* Frameworks */ = {
			isa = PBXGroup;
			children = (
				B98856EEB84D6766C5BE3AB8 /* Pods_Firebase_Example.framework */,
			);
			name = Frameworks;
			sourceTree = "<group>";
		};
/* End PBXGroup section */

/* Begin PBXNativeTarget section */
		739EBA5721744C770001D7D2 /* Firebase-Example */ = {
			isa = PBXNativeTarget;
			buildConfigurationList = 739EBA6A21744C790001D7D2 /* Build configuration list for PBXNativeTarget "Firebase-Example" */;
			buildPhases = (
				C1CAFDA2CB33B86315ABA027 /* [CP] Check Pods Manifest.lock */,
				739EBA5421744C770001D7D2 /* Sources */,
				739EBA5521744C770001D7D2 /* Frameworks */,
				739EBA5621744C770001D7D2 /* Resources */,
				B781C150B31A63DAF3D95DC2 /* [CP] Embed Pods Frameworks */,
			);
			buildRules = (
			);
			dependencies = (
			);
			name = "Firebase-Example";
			productName = "Firebase-Example";
			productReference = 739EBA5821744C770001D7D2 /* Firebase-Example.app */;
			productType = "com.apple.product-type.application";
		};
/* End PBXNativeTarget section */

/* Begin PBXProject section */
		739EBA5021744C770001D7D2 /* Project object */ = {
			isa = PBXProject;
			attributes = {
				LastSwiftUpdateCheck = 0940;
				LastUpgradeCheck = 0940;
				ORGANIZATIONNAME = "Lachlan Agnew";
				TargetAttributes = {
					739EBA5721744C770001D7D2 = {
						CreatedOnToolsVersion = 9.4.1;
					};
				};
			};
			buildConfigurationList = 739EBA5321744C770001D7D2 /* Build configuration list for PBXProject "Firebase-Example" */;
			compatibilityVersion = "Xcode 9.3";
			developmentRegion = en;
			hasScannedForEncodings = 0;
			knownRegions = (
				en,
				Base,
			);
			mainGroup = 739EBA4F21744C770001D7D2;
			productRefGroup = 739EBA5921744C770001D7D2 /* Products */;
			projectDirPath = "";
			projectRoot = "";
			targets = (
				739EBA5721744C770001D7D2 /* Firebase-Example */,
			);
		};
/* End PBXProject section */

/* Begin PBXResourcesBuildPhase section */
		739EBA5621744C770001D7D2 /* Resources */ = {
			isa = PBXResourcesBuildPhase;
			buildActionMask = 2147483647;
			files = (
				739EBA6621744C790001D7D2 /* LaunchScreen.storyboard in Resources */,
				739EBA6321744C790001D7D2 /* Assets.xcassets in Resources */,
				739EBA6121744C770001D7D2 /* Main.storyboard in Resources */,
				73329A6A2174581300C90E50 /* GoogleService-Info.plist in Resources */,
			);
			runOnlyForDeploymentPostprocessing = 0;
		};
/* End PBXResourcesBuildPhase section */

/* Begin PBXShellScriptBuildPhase section */
		B781C150B31A63DAF3D95DC2 /* [CP] Embed Pods Frameworks */ = {
			isa = PBXShellScriptBuildPhase;
			buildActionMask = 2147483647;
			files = (
			);
			inputPaths = (
				"${SRCROOT}/Pods/Target Support Files/Pods-Firebase-Example/Pods-Firebase-Example-frameworks.sh",
				"${BUILT_PRODUCTS_DIR}/GTMSessionFetcher/GTMSessionFetcher.framework",
				"${BUILT_PRODUCTS_DIR}/GoogleToolboxForMac/GoogleToolboxForMac.framework",
				"${BUILT_PRODUCTS_DIR}/leveldb-library/leveldb.framework",
				"${BUILT_PRODUCTS_DIR}/nanopb/nanopb.framework",
			);
			name = "[CP] Embed Pods Frameworks";
			outputPaths = (
				"${TARGET_BUILD_DIR}/${FRAMEWORKS_FOLDER_PATH}/GTMSessionFetcher.framework",
				"${TARGET_BUILD_DIR}/${FRAMEWORKS_FOLDER_PATH}/GoogleToolboxForMac.framework",
				"${TARGET_BUILD_DIR}/${FRAMEWORKS_FOLDER_PATH}/leveldb.framework",
				"${TARGET_BUILD_DIR}/${FRAMEWORKS_FOLDER_PATH}/nanopb.framework",
			);
			runOnlyForDeploymentPostprocessing = 0;
			shellPath = /bin/sh;
			shellScript = "\"${SRCROOT}/Pods/Target Support Files/Pods-Firebase-Example/Pods-Firebase-Example-frameworks.sh\"\n";
			showEnvVarsInLog = 0;
		};
		C1CAFDA2CB33B86315ABA027 /* [CP] Check Pods Manifest.lock */ = {
			isa = PBXShellScriptBuildPhase;
			buildActionMask = 2147483647;
			files = (
			);
			inputPaths = (
				"${PODS_PODFILE_DIR_PATH}/Podfile.lock",
				"${PODS_ROOT}/Manifest.lock",
			);
			name = "[CP] Check Pods Manifest.lock";
			outputPaths = (
				"$(DERIVED_FILE_DIR)/Pods-Firebase-Example-checkManifestLockResult.txt",
			);
			runOnlyForDeploymentPostprocessing = 0;
			shellPath = /bin/sh;
			shellScript = "diff \"${PODS_PODFILE_DIR_PATH}/Podfile.lock\" \"${PODS_ROOT}/Manifest.lock\" > /dev/null\nif [ $? != 0 ] ; then\n    # print error to STDERR\n    echo \"error: The sandbox is not in sync with the Podfile.lock. Run 'pod install' or update your CocoaPods installation.\" >&2\n    exit 1\nfi\n# This output is used by Xcode 'outputs' to avoid re-running this script phase.\necho \"SUCCESS\" > \"${SCRIPT_OUTPUT_FILE_0}\"\n";
			showEnvVarsInLog = 0;
		};
/* End PBXShellScriptBuildPhase section */

/* Begin PBXSourcesBuildPhase section */
		739EBA5421744C770001D7D2 /* Sources */ = {
			isa = PBXSourcesBuildPhase;
			buildActionMask = 2147483647;
			files = (
				739EBA5E21744C770001D7D2 /* ViewController.swift in Sources */,
				739EBA5C21744C770001D7D2 /* AppDelegate.swift in Sources */,
			);
			runOnlyForDeploymentPostprocessing = 0;
		};
/* End PBXSourcesBuildPhase section */

/* Begin PBXVariantGroup section */
		739EBA5F21744C770001D7D2 /* Main.storyboard */ = {
			isa = PBXVariantGroup;
			children = (
				739EBA6021744C770001D7D2 /* Base */,
			);
			name = Main.storyboard;
			sourceTree = "<group>";
		};
		739EBA6421744C790001D7D2 /* LaunchScreen.storyboard */ = {
			isa = PBXVariantGroup;
			children = (
				739EBA6521744C790001D7D2 /* Base */,
			);
			name = LaunchScreen.storyboard;
			sourceTree = "<group>";
		};
/* End PBXVariantGroup section */

/* Begin XCBuildConfiguration section */
		739EBA6821744C790001D7D2 /* Debug */ = {
			isa = XCBuildConfiguration;
			buildSettings = {
				ALWAYS_SEARCH_USER_PATHS = NO;
				CLANG_ANALYZER_NONNULL = YES;
				CLANG_ANALYZER_NUMBER_OBJECT_CONVERSION = YES_AGGRESSIVE;
				CLANG_CXX_LANGUAGE_STANDARD = "gnu++14";
				CLANG_CXX_LIBRARY = "libc++";
				CLANG_ENABLE_MODULES = YES;
				CLANG_ENABLE_OBJC_ARC = YES;
				CLANG_ENABLE_OBJC_WEAK = YES;
				CLANG_WARN_BLOCK_CAPTURE_AUTORELEASING = YES;
				CLANG_WARN_BOOL_CONVERSION = YES;
				CLANG_WARN_COMMA = YES;
				CLANG_WARN_CONSTANT_CONVERSION = YES;
				CLANG_WARN_DEPRECATED_OBJC_IMPLEMENTATIONS = YES;
				CLANG_WARN_DIRECT_OBJC_ISA_USAGE = YES_ERROR;
				CLANG_WARN_DOCUMENTATION_COMMENTS = YES;
				CLANG_WARN_EMPTY_BODY = YES;
				CLANG_WARN_ENUM_CONVERSION = YES;
				CLANG_WARN_INFINITE_RECURSION = YES;
				CLANG_WARN_INT_CONVERSION = YES;
				CLANG_WARN_NON_LITERAL_NULL_CONVERSION = YES;
				CLANG_WARN_OBJC_IMPLICIT_RETAIN_SELF = YES;
				CLANG_WARN_OBJC_LITERAL_CONVERSION = YES;
				CLANG_WARN_OBJC_ROOT_CLASS = YES_ERROR;
				CLANG_WARN_RANGE_LOOP_ANALYSIS = YES;
				CLANG_WARN_STRICT_PROTOTYPES = YES;
				CLANG_WARN_SUSPICIOUS_MOVE = YES;
				CLANG_WARN_UNGUARDED_AVAILABILITY = YES_AGGRESSIVE;
				CLANG_WARN_UNREACHABLE_CODE = YES;
				CLANG_WARN__DUPLICATE_METHOD_MATCH = YES;
				CODE_SIGN_IDENTITY = "iPhone Developer";
				COPY_PHASE_STRIP = NO;
				DEBUG_INFORMATION_FORMAT = dwarf;
				ENABLE_STRICT_OBJC_MSGSEND = YES;
				ENABLE_TESTABILITY = YES;
				GCC_C_LANGUAGE_STANDARD = gnu11;
				GCC_DYNAMIC_NO_PIC = NO;
				GCC_NO_COMMON_BLOCKS = YES;
				GCC_OPTIMIZATION_LEVEL = 0;
				GCC_PREPROCESSOR_DEFINITIONS = (
					"DEBUG=1",
					"$(inherited)",
				);
				GCC_WARN_64_TO_32_BIT_CONVERSION = YES;
				GCC_WARN_ABOUT_RETURN_TYPE = YES_ERROR;
				GCC_WARN_UNDECLARED_SELECTOR = YES;
				GCC_WARN_UNINITIALIZED_AUTOS = YES_AGGRESSIVE;
				GCC_WARN_UNUSED_FUNCTION = YES;
				GCC_WARN_UNUSED_VARIABLE = YES;
				IPHONEOS_DEPLOYMENT_TARGET = 11.4;
				MTL_ENABLE_DEBUG_INFO = YES;
				ONLY_ACTIVE_ARCH = YES;
				SDKROOT = iphoneos;
				SWIFT_ACTIVE_COMPILATION_CONDITIONS = DEBUG;
				SWIFT_OPTIMIZATION_LEVEL = "-Onone";
			};
			name = Debug;
		};
		739EBA6921744C790001D7D2 /* Release */ = {
			isa = XCBuildConfiguration;
			buildSettings = {
				ALWAYS_SEARCH_USER_PATHS = NO;
				CLANG_ANALYZER_NONNULL = YES;
				CLANG_ANALYZER_NUMBER_OBJECT_CONVERSION = YES_AGGRESSIVE;
				CLANG_CXX_LANGUAGE_STANDARD = "gnu++14";
				CLANG_CXX_LIBRARY = "libc++";
				CLANG_ENABLE_MODULES = YES;
				CLANG_ENABLE_OBJC_ARC = YES;
				CLANG_ENABLE_OBJC_WEAK = YES;
				CLANG_WARN_BLOCK_CAPTURE_AUTORELEASING = YES;
				CLANG_WARN_BOOL_CONVERSION = YES;
				CLANG_WARN_COMMA = YES;
				CLANG_WARN_CONSTANT_CONVERSION = YES;
				CLANG_WARN_DEPRECATED_OBJC_IMPLEMENTATIONS = YES;
				CLANG_WARN_DIRECT_OBJC_ISA_USAGE = YES_ERROR;
				CLANG_WARN_DOCUMENTATION_COMMENTS = YES;
				CLANG_WARN_EMPTY_BODY = YES;
				CLANG_WARN_ENUM_CONVERSION = YES;
				CLANG_WARN_INFINITE_RECURSION = YES;
				CLANG_WARN_INT_CONVERSION = YES;
				CLANG_WARN_NON_LITERAL_NULL_CONVERSION = YES;
				CLANG_WARN_OBJC_IMPLICIT_RETAIN_SELF = YES;
				CLANG_WARN_OBJC_LITERAL_CONVERSION = YES;
				CLANG_WARN_OBJC_ROOT_CLASS = YES_ERROR;
				CLANG_WARN_RANGE_LOOP_ANALYSIS = YES;
				CLANG_WARN_STRICT_PROTOTYPES = YES;
				CLANG_WARN_SUSPICIOUS_MOVE = YES;
				CLANG_WARN_UNGUARDED_AVAILABILITY = YES_AGGRESSIVE;
				CLANG_WARN_UNREACHABLE_CODE = YES;
				CLANG_WARN__DUPLICATE_METHOD_MATCH = YES;
				CODE_SIGN_IDENTITY = "iPhone Developer";
				COPY_PHASE_STRIP = NO;
				DEBUG_INFORMATION_FORMAT = "dwarf-with-dsym";
				ENABLE_NS_ASSERTIONS = NO;
				ENABLE_STRICT_OBJC_MSGSEND = YES;
				GCC_C_LANGUAGE_STANDARD = gnu11;
				GCC_NO_COMMON_BLOCKS = YES;
				GCC_WARN_64_TO_32_BIT_CONVERSION = YES;
				GCC_WARN_ABOUT_RETURN_TYPE = YES_ERROR;
				GCC_WARN_UNDECLARED_SELECTOR = YES;
				GCC_WARN_UNINITIALIZED_AUTOS = YES_AGGRESSIVE;
				GCC_WARN_UNUSED_FUNCTION = YES;
				GCC_WARN_UNUSED_VARIABLE = YES;
				IPHONEOS_DEPLOYMENT_TARGET = 11.4;
				MTL_ENABLE_DEBUG_INFO = NO;
				SDKROOT = iphoneos;
				SWIFT_COMPILATION_MODE = wholemodule;
				SWIFT_OPTIMIZATION_LEVEL = "-O";
				VALIDATE_PRODUCT = YES;
			};
			name = Release;
		};
		739EBA6B21744C790001D7D2 /* Debug */ = {
			isa = XCBuildConfiguration;
			baseConfigurationReference = 6E43278E94D91D0147ADE798 /* Pods-Firebase-Example.debug.xcconfig */;
			buildSettings = {
				ASSETCATALOG_COMPILER_APPICON_NAME = AppIcon;
				CODE_SIGN_STYLE = Automatic;
				DEVELOPMENT_TEAM = DMLF5GHLLZ;
				INFOPLIST_FILE = "$(SRCROOT)/Firebase-Example/Info.plist";
				LD_RUNPATH_SEARCH_PATHS = (
					"$(inherited)",
					"@executable_path/Frameworks",
				);
				PRODUCT_BUNDLE_IDENTIFIER = "com.lachlanagnew.Firebase-Example";
				PRODUCT_NAME = "$(TARGET_NAME)";
				SWIFT_VERSION = 4.0;
				TARGETED_DEVICE_FAMILY = "1,2";
			};
			name = Debug;
		};
		739EBA6C21744C790001D7D2 /* Release */ = {
			isa = XCBuildConfiguration;
			baseConfigurationReference = 581DDA5459E884E4ACFB1F58 /* Pods-Firebase-Example.release.xcconfig */;
			buildSettings = {
				ASSETCATALOG_COMPILER_APPICON_NAME = AppIcon;
				CODE_SIGN_STYLE = Automatic;
				DEVELOPMENT_TEAM = DMLF5GHLLZ;
				INFOPLIST_FILE = "$(SRCROOT)/Firebase-Example/Info.plist";
				LD_RUNPATH_SEARCH_PATHS = (
					"$(inherited)",
					"@executable_path/Frameworks",
				);
				PRODUCT_BUNDLE_IDENTIFIER = "com.lachlanagnew.Firebase-Example";
				PRODUCT_NAME = "$(TARGET_NAME)";
				SWIFT_VERSION = 4.0;
				TARGETED_DEVICE_FAMILY = "1,2";
			};
			name = Release;
		};
/* End XCBuildConfiguration section */

/* Begin XCConfigurationList section */
		739EBA5321744C770001D7D2 /* Build configuration list for PBXProject "Firebase-Example" */ = {
			isa = XCConfigurationList;
			buildConfigurations = (
				739EBA6821744C790001D7D2 /* Debug */,
				739EBA6921744C790001D7D2 /* Release */,
			);
			defaultConfigurationIsVisible = 0;
			defaultConfigurationName = Release;
		};
		739EBA6A21744C790001D7D2 /* Build configuration list for PBXNativeTarget "Firebase-Example" */ = {
			isa = XCConfigurationList;
			buildConfigurations = (
				739EBA6B21744C790001D7D2 /* Debug */,
				739EBA6C21744C790001D7D2 /* Release */,
			);
			defaultConfigurationIsVisible = 0;
			defaultConfigurationName = Release;
		};
/* End XCConfigurationList section */
	};
	rootObject = 739EBA5021744C770001D7D2 /* Project object */;
}
